
Microsoft Visual Studio Solution File, Format Version 12.00
# Visual Studio Version 17
VisualStudioVersion = 17.14.36414.22 d17.14
MinimumVisualStudioVersion = 10.0.40219.1
Project("{FAE04EC0-301F-11D3-BF4B-00C04F79EFBC}") = "LeaveOvertimeAPI", "LeaveOvertimeAPI\LeaveOvertimeAPI.csproj", "{6A4EAFB7-B9C2-4B60-A889-04A282575A6D}"
EndProject
Global
	GlobalSection(SolutionConfigurationPlatforms) = preSolution
		Debug|Any CPU = Debug|Any CPU
		Release|Any CPU = Release|Any CPU
	EndGlobalSection
	GlobalSection(ProjectConfigurationPlatforms) = postSolution
		{6A4EAFB7-B9C2-4B60-A889-04A282575A6D}.Debug|Any CPU.ActiveCfg = Debug|Any CPU
		{6A4EAFB7-B9C2-4B60-A889-04A282575A6D}.Debug|Any CPU.Build.0 = Debug|Any CPU
		{6A4EAFB7-B9C2-4B60-A889-04A282575A6D}.Release|Any CPU.ActiveCfg = Release|Any CPU
		{6A4EAFB7-B9C2-4B60-A889-04A282575A6D}.Release|Any CPU.Build.0 = Release|Any CPU
	EndGlobalSection
	GlobalSection(SolutionProperties) = preSolution
		HideSolutionNode = FALSE
	EndGlobalSection
	GlobalSection(ExtensibilityGlobals) = postSolution
		SolutionGuid = {8A0AF85F-D4AE-4465-838D-A104E1A95BB8}
	EndGlobalSection
EndGlobal
